
Microsoft Visual Studio Solution File, Format Version 12.00
# Visual Studio 14
VisualStudioVersion = 14.0.25420.1
MinimumVisualStudioVersion = 10.0.40219.1
Project("{FAE04EC0-301F-11D3-BF4B-00C04F79EFBC}") = "MagicMirror", "MagicMirror\MagicMirror.csproj", "{DA8A4025-583E-4187-B3B4-C33B6EDD07AA}"
EndProject
Project("{FAE04EC0-301F-11D3-BF4B-00C04F79EFBC}") = "MagicMirror.Data", "MagicMirror.Data\MagicMirror.Data.csproj", "{CC2712B9-31D4-423D-BBA6-8D4820CF4ECA}"
EndProject
Project("{2150E333-8FDC-42A3-9474-1A3956D46DE8}") = "0 - Solution Items", "0 - Solution Items", "{9E7EA6A2-56D6-4EEC-8040-CEC73C0AA7A1}"
EndProject
Project("{2150E333-8FDC-42A3-9474-1A3956D46DE8}") = "1 - CrossCutting", "1 - CrossCutting", "{5C9E6DFA-DEAF-4521-960D-F16854FF3CC3}"
EndProject
Project("{2150E333-8FDC-42A3-9474-1A3956D46DE8}") = "2 - Data", "2 - Data", "{8779451D-BEB7-4E9D-B85F-707C2C601ED0}"
EndProject
Project("{2150E333-8FDC-42A3-9474-1A3956D46DE8}") = "3 - View", "3 - View", "{3ED18020-C789-4395-B128-E31F9521E05A}"
EndProject
Project("{2150E333-8FDC-42A3-9474-1A3956D46DE8}") = "4 - Testing", "4 - Testing", "{5ADDF6C8-79FF-4DAB-A5FF-BD688E2BFCAD}"
EndProject
Project("{FAE04EC0-301F-11D3-BF4B-00C04F79EFBC}") = "MagicMirror.Core", "MagicMirror.Core\MagicMirror.Core.csproj", "{06FAB27C-B26A-46B4-9275-21BEDA816CF6}"
EndProject
Project("{FAE04EC0-301F-11D3-BF4B-00C04F79EFBC}") = "MagicMirror.Model", "MagicMirror.Model\MagicMirror.Model.csproj", "{7E7CB8BD-2AA1-4467-9211-0AE8B7BF20EC}"
EndProject
Project("{FAE04EC0-301F-11D3-BF4B-00C04F79EFBC}") = "MagicMirror.Contracts", "MagicMirror.Contracts\MagicMirror.Contracts.csproj", "{4A828F5B-1188-4FC6-886C-AB148D8A5CB0}"
EndProject
Project("{FAE04EC0-301F-11D3-BF4B-00C04F79EFBC}") = "MagicMirror.Bootstrap", "MagicMirror.Bootstrap\MagicMirror.Bootstrap.csproj", "{3A871C7A-0CFC-49A8-85DE-E6222D9CFC34}"
EndProject
Global
	GlobalSection(SolutionConfigurationPlatforms) = preSolution
		Debug|Any CPU = Debug|Any CPU
		Debug|ARM = Debug|ARM
		Debug|x64 = Debug|x64
		Debug|x86 = Debug|x86
		Release|Any CPU = Release|Any CPU
		Release|ARM = Release|ARM
		Release|x64 = Release|x64
		Release|x86 = Release|x86
	EndGlobalSection
	GlobalSection(ProjectConfigurationPlatforms) = postSolution
		{DA8A4025-583E-4187-B3B4-C33B6EDD07AA}.Debug|Any CPU.ActiveCfg = Debug|x86
		{DA8A4025-583E-4187-B3B4-C33B6EDD07AA}.Debug|ARM.ActiveCfg = Debug|ARM
		{DA8A4025-583E-4187-B3B4-C33B6EDD07AA}.Debug|ARM.Build.0 = Debug|ARM
		{DA8A4025-583E-4187-B3B4-C33B6EDD07AA}.Debug|ARM.Deploy.0 = Debug|ARM
		{DA8A4025-583E-4187-B3B4-C33B6EDD07AA}.Debug|x64.ActiveCfg = Debug|x64
		{DA8A4025-583E-4187-B3B4-C33B6EDD07AA}.Debug|x64.Build.0 = Debug|x64
		{DA8A4025-583E-4187-B3B4-C33B6EDD07AA}.Debug|x64.Deploy.0 = Debug|x64
		{DA8A4025-583E-4187-B3B4-C33B6EDD07AA}.Debug|x86.ActiveCfg = Debug|x86
		{DA8A4025-583E-4187-B3B4-C33B6EDD07AA}.Debug|x86.Build.0 = Debug|x86
		{DA8A4025-583E-4187-B3B4-C33B6EDD07AA}.Debug|x86.Deploy.0 = Debug|x86
		{DA8A4025-583E-4187-B3B4-C33B6EDD07AA}.Release|Any CPU.ActiveCfg = Release|x86
		{DA8A4025-583E-4187-B3B4-C33B6EDD07AA}.Release|ARM.ActiveCfg = Release|ARM
		{DA8A4025-583E-4187-B3B4-C33B6EDD07AA}.Release|ARM.Build.0 = Release|ARM
		{DA8A4025-583E-4187-B3B4-C33B6EDD07AA}.Release|ARM.Deploy.0 = Release|ARM
		{DA8A4025-583E-4187-B3B4-C33B6EDD07AA}.Release|x64.ActiveCfg = Release|x64
		{DA8A4025-583E-4187-B3B4-C33B6EDD07AA}.Release|x64.Build.0 = Release|x64
		{DA8A4025-583E-4187-B3B4-C33B6EDD07AA}.Release|x64.Deploy.0 = Release|x64
		{DA8A4025-583E-4187-B3B4-C33B6EDD07AA}.Release|x86.ActiveCfg = Release|x86
		{DA8A4025-583E-4187-B3B4-C33B6EDD07AA}.Release|x86.Build.0 = Release|x86
		{DA8A4025-583E-4187-B3B4-C33B6EDD07AA}.Release|x86.Deploy.0 = Release|x86
		{CC2712B9-31D4-423D-BBA6-8D4820CF4ECA}.Debug|Any CPU.ActiveCfg = Debug|Any CPU
		{CC2712B9-31D4-423D-BBA6-8D4820CF4ECA}.Debug|Any CPU.Build.0 = Debug|Any CPU
		{CC2712B9-31D4-423D-BBA6-8D4820CF4ECA}.Debug|ARM.ActiveCfg = Debug|ARM
		{CC2712B9-31D4-423D-BBA6-8D4820CF4ECA}.Debug|ARM.Build.0 = Debug|ARM
		{CC2712B9-31D4-423D-BBA6-8D4820CF4ECA}.Debug|x64.ActiveCfg = Debug|x64
		{CC2712B9-31D4-423D-BBA6-8D4820CF4ECA}.Debug|x64.Build.0 = Debug|x64
		{CC2712B9-31D4-423D-BBA6-8D4820CF4ECA}.Debug|x86.ActiveCfg = Debug|x86
		{CC2712B9-31D4-423D-BBA6-8D4820CF4ECA}.Debug|x86.Build.0 = Debug|x86
		{CC2712B9-31D4-423D-BBA6-8D4820CF4ECA}.Release|Any CPU.ActiveCfg = Release|Any CPU
		{CC2712B9-31D4-423D-BBA6-8D4820CF4ECA}.Release|Any CPU.Build.0 = Release|Any CPU
		{CC2712B9-31D4-423D-BBA6-8D4820CF4ECA}.Release|ARM.ActiveCfg = Release|ARM
		{CC2712B9-31D4-423D-BBA6-8D4820CF4ECA}.Release|ARM.Build.0 = Release|ARM
		{CC2712B9-31D4-423D-BBA6-8D4820CF4ECA}.Release|x64.ActiveCfg = Release|x64
		{CC2712B9-31D4-423D-BBA6-8D4820CF4ECA}.Release|x64.Build.0 = Release|x64
		{CC2712B9-31D4-423D-BBA6-8D4820CF4ECA}.Release|x86.ActiveCfg = Release|x86
		{CC2712B9-31D4-423D-BBA6-8D4820CF4ECA}.Release|x86.Build.0 = Release|x86
		{06FAB27C-B26A-46B4-9275-21BEDA816CF6}.Debug|Any CPU.ActiveCfg = Debug|Any CPU
		{06FAB27C-B26A-46B4-9275-21BEDA816CF6}.Debug|Any CPU.Build.0 = Debug|Any CPU
		{06FAB27C-B26A-46B4-9275-21BEDA816CF6}.Debug|ARM.ActiveCfg = Debug|ARM
		{06FAB27C-B26A-46B4-9275-21BEDA816CF6}.Debug|ARM.Build.0 = Debug|ARM
		{06FAB27C-B26A-46B4-9275-21BEDA816CF6}.Debug|x64.ActiveCfg = Debug|x64
		{06FAB27C-B26A-46B4-9275-21BEDA816CF6}.Debug|x64.Build.0 = Debug|x64
		{06FAB27C-B26A-46B4-9275-21BEDA816CF6}.Debug|x86.ActiveCfg = Debug|x86
		{06FAB27C-B26A-46B4-9275-21BEDA816CF6}.Debug|x86.Build.0 = Debug|x86
		{06FAB27C-B26A-46B4-9275-21BEDA816CF6}.Release|Any CPU.ActiveCfg = Release|Any CPU
		{06FAB27C-B26A-46B4-9275-21BEDA816CF6}.Release|Any CPU.Build.0 = Release|Any CPU
		{06FAB27C-B26A-46B4-9275-21BEDA816CF6}.Release|ARM.ActiveCfg = Release|ARM
		{06FAB27C-B26A-46B4-9275-21BEDA816CF6}.Release|ARM.Build.0 = Release|ARM
		{06FAB27C-B26A-46B4-9275-21BEDA816CF6}.Release|x64.ActiveCfg = Release|x64
		{06FAB27C-B26A-46B4-9275-21BEDA816CF6}.Release|x64.Build.0 = Release|x64
		{06FAB27C-B26A-46B4-9275-21BEDA816CF6}.Release|x86.ActiveCfg = Release|x86
		{06FAB27C-B26A-46B4-9275-21BEDA816CF6}.Release|x86.Build.0 = Release|x86
		{7E7CB8BD-2AA1-4467-9211-0AE8B7BF20EC}.Debug|Any CPU.ActiveCfg = Debug|Any CPU
		{7E7CB8BD-2AA1-4467-9211-0AE8B7BF20EC}.Debug|Any CPU.Build.0 = Debug|Any CPU
		{7E7CB8BD-2AA1-4467-9211-0AE8B7BF20EC}.Debug|ARM.ActiveCfg = Debug|ARM
		{7E7CB8BD-2AA1-4467-9211-0AE8B7BF20EC}.Debug|ARM.Build.0 = Debug|ARM
		{7E7CB8BD-2AA1-4467-9211-0AE8B7BF20EC}.Debug|x64.ActiveCfg = Debug|x64
		{7E7CB8BD-2AA1-4467-9211-0AE8B7BF20EC}.Debug|x64.Build.0 = Debug|x64
		{7E7CB8BD-2AA1-4467-9211-0AE8B7BF20EC}.Debug|x86.ActiveCfg = Debug|x86
		{7E7CB8BD-2AA1-4467-9211-0AE8B7BF20EC}.Debug|x86.Build.0 = Debug|x86
		{7E7CB8BD-2AA1-4467-9211-0AE8B7BF20EC}.Release|Any CPU.ActiveCfg = Release|Any CPU
		{7E7CB8BD-2AA1-4467-9211-0AE8B7BF20EC}.Release|Any CPU.Build.0 = Release|Any CPU
		{7E7CB8BD-2AA1-4467-9211-0AE8B7BF20EC}.Release|ARM.ActiveCfg = Release|ARM
		{7E7CB8BD-2AA1-4467-9211-0AE8B7BF20EC}.Release|ARM.Build.0 = Release|ARM
		{7E7CB8BD-2AA1-4467-9211-0AE8B7BF20EC}.Release|x64.ActiveCfg = Release|x64
		{7E7CB8BD-2AA1-4467-9211-0AE8B7BF20EC}.Release|x64.Build.0 = Release|x64
		{7E7CB8BD-2AA1-4467-9211-0AE8B7BF20EC}.Release|x86.ActiveCfg = Release|x86
		{7E7CB8BD-2AA1-4467-9211-0AE8B7BF20EC}.Release|x86.Build.0 = Release|x86
		{4A828F5B-1188-4FC6-886C-AB148D8A5CB0}.Debug|Any CPU.ActiveCfg = Debug|Any CPU
		{4A828F5B-1188-4FC6-886C-AB148D8A5CB0}.Debug|Any CPU.Build.0 = Debug|Any CPU
		{4A828F5B-1188-4FC6-886C-AB148D8A5CB0}.Debug|ARM.ActiveCfg = Debug|ARM
		{4A828F5B-1188-4FC6-886C-AB148D8A5CB0}.Debug|ARM.Build.0 = Debug|ARM
		{4A828F5B-1188-4FC6-886C-AB148D8A5CB0}.Debug|x64.ActiveCfg = Debug|x64
		{4A828F5B-1188-4FC6-886C-AB148D8A5CB0}.Debug|x64.Build.0 = Debug|x64
		{4A828F5B-1188-4FC6-886C-AB148D8A5CB0}.Debug|x86.ActiveCfg = Debug|x86
		{4A828F5B-1188-4FC6-886C-AB148D8A5CB0}.Debug|x86.Build.0 = Debug|x86
		{4A828F5B-1188-4FC6-886C-AB148D8A5CB0}.Release|Any CPU.ActiveCfg = Release|Any CPU
		{4A828F5B-1188-4FC6-886C-AB148D8A5CB0}.Release|Any CPU.Build.0 = Release|Any CPU
		{4A828F5B-1188-4FC6-886C-AB148D8A5CB0}.Release|ARM.ActiveCfg = Release|ARM
		{4A828F5B-1188-4FC6-886C-AB148D8A5CB0}.Release|ARM.Build.0 = Release|ARM
		{4A828F5B-1188-4FC6-886C-AB148D8A5CB0}.Release|x64.ActiveCfg = Release|x64
		{4A828F5B-1188-4FC6-886C-AB148D8A5CB0}.Release|x64.Build.0 = Release|x64
		{4A828F5B-1188-4FC6-886C-AB148D8A5CB0}.Release|x86.ActiveCfg = Release|x86
		{4A828F5B-1188-4FC6-886C-AB148D8A5CB0}.Release|x86.Build.0 = Release|x86
		{3A871C7A-0CFC-49A8-85DE-E6222D9CFC34}.Debug|Any CPU.ActiveCfg = Debug|Any CPU
		{3A871C7A-0CFC-49A8-85DE-E6222D9CFC34}.Debug|Any CPU.Build.0 = Debug|Any CPU
		{3A871C7A-0CFC-49A8-85DE-E6222D9CFC34}.Debug|ARM.ActiveCfg = Debug|ARM
		{3A871C7A-0CFC-49A8-85DE-E6222D9CFC34}.Debug|ARM.Build.0 = Debug|ARM
		{3A871C7A-0CFC-49A8-85DE-E6222D9CFC34}.Debug|x64.ActiveCfg = Debug|x64
		{3A871C7A-0CFC-49A8-85DE-E6222D9CFC34}.Debug|x64.Build.0 = Debug|x64
		{3A871C7A-0CFC-49A8-85DE-E6222D9CFC34}.Debug|x86.ActiveCfg = Debug|x86
		{3A871C7A-0CFC-49A8-85DE-E6222D9CFC34}.Debug|x86.Build.0 = Debug|x86
		{3A871C7A-0CFC-49A8-85DE-E6222D9CFC34}.Release|Any CPU.ActiveCfg = Release|Any CPU
		{3A871C7A-0CFC-49A8-85DE-E6222D9CFC34}.Release|Any CPU.Build.0 = Release|Any CPU
		{3A871C7A-0CFC-49A8-85DE-E6222D9CFC34}.Release|ARM.ActiveCfg = Release|ARM
		{3A871C7A-0CFC-49A8-85DE-E6222D9CFC34}.Release|ARM.Build.0 = Release|ARM
		{3A871C7A-0CFC-49A8-85DE-E6222D9CFC34}.Release|x64.ActiveCfg = Release|x64
		{3A871C7A-0CFC-49A8-85DE-E6222D9CFC34}.Release|x64.Build.0 = Release|x64
		{3A871C7A-0CFC-49A8-85DE-E6222D9CFC34}.Release|x86.ActiveCfg = Release|x86
		{3A871C7A-0CFC-49A8-85DE-E6222D9CFC34}.Release|x86.Build.0 = Release|x86
	EndGlobalSection
	GlobalSection(SolutionProperties) = preSolution
		HideSolutionNode = FALSE
	EndGlobalSection
	GlobalSection(NestedProjects) = preSolution
		{DA8A4025-583E-4187-B3B4-C33B6EDD07AA} = {3ED18020-C789-4395-B128-E31F9521E05A}
		{CC2712B9-31D4-423D-BBA6-8D4820CF4ECA} = {8779451D-BEB7-4E9D-B85F-707C2C601ED0}
		{06FAB27C-B26A-46B4-9275-21BEDA816CF6} = {5C9E6DFA-DEAF-4521-960D-F16854FF3CC3}
		{7E7CB8BD-2AA1-4467-9211-0AE8B7BF20EC} = {5C9E6DFA-DEAF-4521-960D-F16854FF3CC3}
		{4A828F5B-1188-4FC6-886C-AB148D8A5CB0} = {8779451D-BEB7-4E9D-B85F-707C2C601ED0}
		{3A871C7A-0CFC-49A8-85DE-E6222D9CFC34} = {8779451D-BEB7-4E9D-B85F-707C2C601ED0}
	EndGlobalSection
EndGlobal
